{
  "originHash" : "e94e4bc0094fd6e9f9dbc611a6c8f82f100f29151d6c07726ca3ebeb2cc62375",
  "pins" : [
    {
      "identity" : "highlighterswift",
      "kind" : "remoteSourceControl",
      "location" : "https://github.com/pallemannen/HighlighterSwift.git",
      "state" : {
        "revision" : "120d654b7126559b68127a0a0f5b1d57742dd900",
        "version" : "1.2.0"
      }
    },
    {
      "identity" : "swiftcsv",
      "kind" : "remoteSourceControl",
      "location" : "https://github.com/swiftcsv/SwiftCSV.git",
      "state" : {
        "revision" : "6ab5d0fe9b6ef3c79d717eefa70862df389e74d9",
        "version" : "0.10.0"
      }
    }
  ],
  "version" : 3
}
